
Microsoft Visual Studio Solution File, Format Version 12.00
# Visual Studio Version 17
VisualStudioVersion = 17.14.36109.1
MinimumVisualStudioVersion = 10.0.40219.1
Project("{FAE04EC0-301F-11D3-BF4B-00C04F79EFBC}") = "PSData", "PSData\PSData.csproj", "{32D172F4-ECF4-4571-B557-2D59D3A74722}"
EndProject
Project("{FAE04EC0-301F-11D3-BF4B-00C04F79EFBC}") = "PSInventory.Web", "PSInventory.Web\PSInventory.Web.csproj", "{D810414B-3EBA-D84B-DEF4-97FB6209B7C1}"
EndProject
Global
	GlobalSection(SolutionConfigurationPlatforms) = preSolution
		Debug|Any CPU = Debug|Any CPU
		Release|Any CPU = Release|Any CPU
	EndGlobalSection
	GlobalSection(ProjectConfigurationPlatforms) = postSolution
		{32D172F4-ECF4-4571-B557-2D59D3A74722}.Debug|Any CPU.ActiveCfg = Debug|Any CPU
		{32D172F4-ECF4-4571-B557-2D59D3A74722}.Debug|Any CPU.Build.0 = Debug|Any CPU
		{32D172F4-ECF4-4571-B557-2D59D3A74722}.Release|Any CPU.ActiveCfg = Release|Any CPU
		{32D172F4-ECF4-4571-B557-2D59D3A74722}.Release|Any CPU.Build.0 = Release|Any CPU
		{D810414B-3EBA-D84B-DEF4-97FB6209B7C1}.Debug|Any CPU.ActiveCfg = Debug|Any CPU
		{D810414B-3EBA-D84B-DEF4-97FB6209B7C1}.Debug|Any CPU.Build.0 = Debug|Any CPU
		{D810414B-3EBA-D84B-DEF4-97FB6209B7C1}.Release|Any CPU.ActiveCfg = Release|Any CPU
		{D810414B-3EBA-D84B-DEF4-97FB6209B7C1}.Release|Any CPU.Build.0 = Release|Any CPU
	EndGlobalSection
	GlobalSection(SolutionProperties) = preSolution
		HideSolutionNode = FALSE
	EndGlobalSection
	GlobalSection(ExtensibilityGlobals) = postSolution
		SolutionGuid = {988595B9-2547-4513-9183-971F8502A8D5}
	EndGlobalSection
EndGlobal
